
Microsoft Visual Studio Solution File, Format Version 12.00
# Visual Studio Version 16
VisualStudioVersion = 16.0.32802.440
MinimumVisualStudioVersion = 10.0.40219.1
Project("{8BC9CEB8-8B4A-11D0-8D11-00A0C91BC942}") = "OpenGL Engine", "OpenGL Engine\OpenGL Engine.vcxproj", "{09710DB5-E178-45B7-94BC-728600E0260F}"
EndProject
Project("{8BC9CEB8-8B4A-11D0-8D11-00A0C91BC942}") = "ImGUI", "ImGUI\ImGUI.vcxproj", "{B5C444C1-5A4F-4C44-9379-7C375055C065}"
EndProject
Global
	GlobalSection(SolutionConfigurationPlatforms) = preSolution
		Debug|x64 = Debug|x64
		Debug|x86 = Debug|x86
		Release|x64 = Release|x64
		Release|x86 = Release|x86
	EndGlobalSection
	GlobalSection(ProjectConfigurationPlatforms) = postSolution
		{09710DB5-E178-45B7-94BC-728600E0260F}.Debug|x64.ActiveCfg = Debug|x64
		{09710DB5-E178-45B7-94BC-728600E0260F}.Debug|x64.Build.0 = Debug|x64
		{09710DB5-E178-45B7-94BC-728600E0260F}.Debug|x86.ActiveCfg = Debug|Win32
		{09710DB5-E178-45B7-94BC-728600E0260F}.Debug|x86.Build.0 = Debug|Win32
		{09710DB5-E178-45B7-94BC-728600E0260F}.Release|x64.ActiveCfg = Release|x64
		{09710DB5-E178-45B7-94BC-728600E0260F}.Release|x64.Build.0 = Release|x64
		{09710DB5-E178-45B7-94BC-728600E0260F}.Release|x86.ActiveCfg = Release|Win32
		{09710DB5-E178-45B7-94BC-728600E0260F}.Release|x86.Build.0 = Release|Win32
		{B5C444C1-5A4F-4C44-9379-7C375055C065}.Debug|x64.ActiveCfg = Debug|x64
		{B5C444C1-5A4F-4C44-9379-7C375055C065}.Debug|x64.Build.0 = Debug|x64
		{B5C444C1-5A4F-4C44-9379-7C375055C065}.Debug|x86.ActiveCfg = Debug|Win32
		{B5C444C1-5A4F-4C44-9379-7C375055C065}.Debug|x86.Build.0 = Debug|Win32
		{B5C444C1-5A4F-4C44-9379-7C375055C065}.Release|x64.ActiveCfg = Release|x64
		{B5C444C1-5A4F-4C44-9379-7C375055C065}.Release|x64.Build.0 = Release|x64
		{B5C444C1-5A4F-4C44-9379-7C375055C065}.Release|x86.ActiveCfg = Release|Win32
		{B5C444C1-5A4F-4C44-9379-7C375055C065}.Release|x86.Build.0 = Release|Win32
	EndGlobalSection
	GlobalSection(SolutionProperties) = preSolution
		HideSolutionNode = FALSE
	EndGlobalSection
	GlobalSection(ExtensibilityGlobals) = postSolution
		SolutionGuid = {B9F67C97-3AF4-4CE6-A24C-1A72A7602C6C}
	EndGlobalSection
EndGlobal
